// !$*UTF8*$!
{
	archiveVersion = 1;
	classes = {
	};
	objectVersion = 46;
	objects = {

/* Begin PBXBuildFile section */
		101160E31EA169E300E1058F /* SettingsController.swift in Sources */ = {isa = PBXBuildFile; fileRef = 101160E21EA169E300E1058F /* SettingsController.swift */; };
		102C54B61E9425310070AD85 /* FloatingBtnViewController.swift in Sources */ = {isa = PBXBuildFile; fileRef = 102C54B51E9425310070AD85 /* FloatingBtnViewController.swift */; };
		102C54B91E9595500070AD85 /* FriendsViewController.swift in Sources */ = {isa = PBXBuildFile; fileRef = 102C54B71E9595500070AD85 /* FriendsViewController.swift */; };
		102C54BA1E9595500070AD85 /* ImageTableViewCell.swift in Sources */ = {isa = PBXBuildFile; fileRef = 102C54B81E9595500070AD85 /* ImageTableViewCell.swift */; };
		104FA9681E819B7500E2AB13 /* DataViewController.swift in Sources */ = {isa = PBXBuildFile; fileRef = 104FA9671E819B7500E2AB13 /* DataViewController.swift */; };
		10B889FD1E91696D0054CA29 /* AudioRecorder.swift in Sources */ = {isa = PBXBuildFile; fileRef = 10B889FC1E91696D0054CA29 /* AudioRecorder.swift */; };
		10D52CD01E8821AC009269FE /* TextCommentsController.swift in Sources */ = {isa = PBXBuildFile; fileRef = 10D52CCF1E8821AC009269FE /* TextCommentsController.swift */; };
		10D52CD51E8841E8009269FE /* TxtCommentCellTableViewCell.swift in Sources */ = {isa = PBXBuildFile; fileRef = 10D52CD31E8841E8009269FE /* TxtCommentCellTableViewCell.swift */; };
		10D52CD61E8841E8009269FE /* TxtCommentCellTableViewCell.xib in Resources */ = {isa = PBXBuildFile; fileRef = 10D52CD41E8841E8009269FE /* TxtCommentCellTableViewCell.xib */; };
		10D52CD91E884206009269FE /* AudioCommentCell.swift in Sources */ = {isa = PBXBuildFile; fileRef = 10D52CD71E884206009269FE /* AudioCommentCell.swift */; };
		10D52CDA1E884206009269FE /* AudioCommentCell.xib in Resources */ = {isa = PBXBuildFile; fileRef = 10D52CD81E884206009269FE /* AudioCommentCell.xib */; };
		10D52CDC1E897AB9009269FE /* TxtComntHandler.swift in Sources */ = {isa = PBXBuildFile; fileRef = 10D52CDB1E897AB9009269FE /* TxtComntHandler.swift */; };
		10D52CDE1E8AD97C009269FE /* TempViewController.swift in Sources */ = {isa = PBXBuildFile; fileRef = 10D52CDD1E8AD97C009269FE /* TempViewController.swift */; };
		10D52CE01E8B4EA2009269FE /* LoginViewController.swift in Sources */ = {isa = PBXBuildFile; fileRef = 10D52CDF1E8B4EA2009269FE /* LoginViewController.swift */; };
		10D52CE21E8B8047009269FE /* CommentsViewController.swift in Sources */ = {isa = PBXBuildFile; fileRef = 10D52CE11E8B8047009269FE /* CommentsViewController.swift */; };
		10D52CE41E8B832E009269FE /* CommentsViewCell.swift in Sources */ = {isa = PBXBuildFile; fileRef = 10D52CE31E8B832E009269FE /* CommentsViewCell.swift */; };
		1832BE4D1E6A36920012C882 /* FirstViewController.swift in Sources */ = {isa = PBXBuildFile; fileRef = 1832BE4A1E6A36920012C882 /* FirstViewController.swift */; };
		1832BE4E1E6A36920012C882 /* SecondViewController.swift in Sources */ = {isa = PBXBuildFile; fileRef = 1832BE4B1E6A36920012C882 /* SecondViewController.swift */; };
		1832BE4F1E6A36920012C882 /* TableViewCell.swift in Sources */ = {isa = PBXBuildFile; fileRef = 1832BE4C1E6A36920012C882 /* TableViewCell.swift */; };
		22FDBF9F1EA5445600725166 /* post.swift in Sources */ = {isa = PBXBuildFile; fileRef = 22FDBF9D1EA5445600725166 /* post.swift */; };
		555029851EA7F54B00534772 /* TESTUSERPASSViewController.swift in Sources */ = {isa = PBXBuildFile; fileRef = 555029841EA7F54B00534772 /* TESTUSERPASSViewController.swift */; };
		55A9660A1EA5A9B200B5D870 /* HomeCollectionViewCell.swift in Sources */ = {isa = PBXBuildFile; fileRef = 55A966071EA5A9B200B5D870 /* HomeCollectionViewCell.swift */; };
		55A9660B1EA5A9B200B5D870 /* HomeCollectionViewController.swift in Sources */ = {isa = PBXBuildFile; fileRef = 55A966081EA5A9B200B5D870 /* HomeCollectionViewController.swift */; };
		55A9660C1EA5A9B200B5D870 /* HomeHeaderCollectionReusableView.swift in Sources */ = {isa = PBXBuildFile; fileRef = 55A966091EA5A9B200B5D870 /* HomeHeaderCollectionReusableView.swift */; };
		55C8DE201E4BFCDB00AB98DD /* AppDelegate.swift in Sources */ = {isa = PBXBuildFile; fileRef = 55C8DE1F1E4BFCDB00AB98DD /* AppDelegate.swift */; };
		55C8DE221E4BFCDC00AB98DD /* ViewController.swift in Sources */ = {isa = PBXBuildFile; fileRef = 55C8DE211E4BFCDC00AB98DD /* ViewController.swift */; };
		55C8DE251E4BFCDC00AB98DD /* Main.storyboard in Resources */ = {isa = PBXBuildFile; fileRef = 55C8DE231E4BFCDC00AB98DD /* Main.storyboard */; };
		55C8DE271E4BFCDC00AB98DD /* Assets.xcassets in Resources */ = {isa = PBXBuildFile; fileRef = 55C8DE261E4BFCDC00AB98DD /* Assets.xcassets */; };
		55C8DE2A1E4BFCDD00AB98DD /* LaunchScreen.storyboard in Resources */ = {isa = PBXBuildFile; fileRef = 55C8DE281E4BFCDD00AB98DD /* LaunchScreen.storyboard */; };
		A0C815031E8C9076001C99E8 /* ImagesTableViewCell.swift in Sources */ = {isa = PBXBuildFile; fileRef = A0C815011E8C9076001C99E8 /* ImagesTableViewCell.swift */; };
		A0C815041E8C9076001C99E8 /* ImagesTableViewController.swift in Sources */ = {isa = PBXBuildFile; fileRef = A0C815021E8C9076001C99E8 /* ImagesTableViewController.swift */; };
		CD2F066A4DB9C2E030746996 /* Pods_NoFilter.framework in Frameworks */ = {isa = PBXBuildFile; fileRef = 7874A03546F128FF4319FD2E /* Pods_NoFilter.framework */; };
		FD34A8921E9F14F600C07093 /* ProfileViewController.swift in Sources */ = {isa = PBXBuildFile; fileRef = FD34A8911E9F14F600C07093 /* ProfileViewController.swift */; };
		FD40B4601E4BFFF400AFD61C /* GoogleService-Info.plist in Resources */ = {isa = PBXBuildFile; fileRef = FD40B45F1E4BFFF400AFD61C /* GoogleService-Info.plist */; };
		FD6B350D1E55380200475370 /* RegisterScreenView.swift in Sources */ = {isa = PBXBuildFile; fileRef = FD6B350C1E55380200475370 /* RegisterScreenView.swift */; };
		FDA677441E7A01CE005D04FC /* CameraViewController.swift in Sources */ = {isa = PBXBuildFile; fileRef = FDA677431E7A01CE005D04FC /* CameraViewController.swift */; };
/* End PBXBuildFile section */

/* Begin PBXFileReference section */
		06D14213E192D9483A654FC7 /* Pods-NoFilter.debug.xcconfig */ = {isa = PBXFileReference; includeInIndex = 1; lastKnownFileType = text.xcconfig; name = "Pods-NoFilter.debug.xcconfig"; path = "Pods/Target Support Files/Pods-NoFilter/Pods-NoFilter.debug.xcconfig"; sourceTree = "<group>"; };
		101160E11EA1614200E1058F /* NoFiler-Bridging-Header.h */ = {isa = PBXFileReference; lastKnownFileType = sourcecode.c.h; path = "NoFiler-Bridging-Header.h"; sourceTree = "<group>"; };
		101160E21EA169E300E1058F /* SettingsController.swift */ = {isa = PBXFileReference; fileEncoding = 4; lastKnownFileType = sourcecode.swift; path = SettingsController.swift; sourceTree = "<group>"; };
		101160E41EA16C2700E1058F /* NoFilter.entitlements */ = {isa = PBXFileReference; lastKnownFileType = text.plist.entitlements; path = NoFilter.entitlements; sourceTree = "<group>"; };
		102C54B51E9425310070AD85 /* FloatingBtnViewController.swift */ = {isa = PBXFileReference; fileEncoding = 4; lastKnownFileType = sourcecode.swift; path = FloatingBtnViewController.swift; sourceTree = "<group>"; };
		102C54B71E9595500070AD85 /* FriendsViewController.swift */ = {isa = PBXFileReference; fileEncoding = 4; lastKnownFileType = sourcecode.swift; path = FriendsViewController.swift; sourceTree = "<group>"; };
		102C54B81E9595500070AD85 /* ImageTableViewCell.swift */ = {isa = PBXFileReference; fileEncoding = 4; lastKnownFileType = sourcecode.swift; path = ImageTableViewCell.swift; sourceTree = "<group>"; };
		104FA9671E819B7500E2AB13 /* DataViewController.swift */ = {isa = PBXFileReference; fileEncoding = 4; lastKnownFileType = sourcecode.swift; path = DataViewController.swift; sourceTree = "<group>"; };
		1053F7781E80B9A40093BD1A /* DKCamera.framework */ = {isa = PBXFileReference; explicitFileType = wrapper.framework; path = DKCamera.framework; sourceTree = BUILT_PRODUCTS_DIR; };
		107DBF121E9AE24E00203582 /* audio.mp3 */ = {isa = PBXFileReference; lastKnownFileType = audio.mp3; path = audio.mp3; sourceTree = "<group>"; };
		10B889FC1E91696D0054CA29 /* AudioRecorder.swift */ = {isa = PBXFileReference; fileEncoding = 4; lastKnownFileType = sourcecode.swift; path = AudioRecorder.swift; sourceTree = "<group>"; };
		10D52CCF1E8821AC009269FE /* TextCommentsController.swift */ = {isa = PBXFileReference; fileEncoding = 4; lastKnownFileType = sourcecode.swift; path = TextCommentsController.swift; sourceTree = "<group>"; };
		10D52CD31E8841E8009269FE /* TxtCommentCellTableViewCell.swift */ = {isa = PBXFileReference; fileEncoding = 4; lastKnownFileType = sourcecode.swift; path = TxtCommentCellTableViewCell.swift; sourceTree = "<group>"; };
		10D52CD41E8841E8009269FE /* TxtCommentCellTableViewCell.xib */ = {isa = PBXFileReference; fileEncoding = 4; lastKnownFileType = file.xib; path = TxtCommentCellTableViewCell.xib; sourceTree = "<group>"; };
		10D52CD71E884206009269FE /* AudioCommentCell.swift */ = {isa = PBXFileReference; fileEncoding = 4; lastKnownFileType = sourcecode.swift; path = AudioCommentCell.swift; sourceTree = "<group>"; };
		10D52CD81E884206009269FE /* AudioCommentCell.xib */ = {isa = PBXFileReference; fileEncoding = 4; lastKnownFileType = file.xib; path = AudioCommentCell.xib; sourceTree = "<group>"; };
		10D52CDB1E897AB9009269FE /* TxtComntHandler.swift */ = {isa = PBXFileReference; fileEncoding = 4; lastKnownFileType = sourcecode.swift; path = TxtComntHandler.swift; sourceTree = "<group>"; };
		10D52CDD1E8AD97C009269FE /* TempViewController.swift */ = {isa = PBXFileReference; fileEncoding = 4; lastKnownFileType = sourcecode.swift; path = TempViewController.swift; sourceTree = "<group>"; };
		10D52CDF1E8B4EA2009269FE /* LoginViewController.swift */ = {isa = PBXFileReference; fileEncoding = 4; lastKnownFileType = sourcecode.swift; path = LoginViewController.swift; sourceTree = "<group>"; };
		10D52CE11E8B8047009269FE /* CommentsViewController.swift */ = {isa = PBXFileReference; fileEncoding = 4; lastKnownFileType = sourcecode.swift; path = CommentsViewController.swift; sourceTree = "<group>"; };
		10D52CE31E8B832E009269FE /* CommentsViewCell.swift */ = {isa = PBXFileReference; fileEncoding = 4; lastKnownFileType = sourcecode.swift; path = CommentsViewCell.swift; sourceTree = "<group>"; };
		1832BE4A1E6A36920012C882 /* FirstViewController.swift */ = {isa = PBXFileReference; fileEncoding = 4; lastKnownFileType = sourcecode.swift; path = FirstViewController.swift; sourceTree = "<group>"; };
		1832BE4B1E6A36920012C882 /* SecondViewController.swift */ = {isa = PBXFileReference; fileEncoding = 4; lastKnownFileType = sourcecode.swift; path = SecondViewController.swift; sourceTree = "<group>"; };
		1832BE4C1E6A36920012C882 /* TableViewCell.swift */ = {isa = PBXFileReference; fileEncoding = 4; lastKnownFileType = sourcecode.swift; path = TableViewCell.swift; sourceTree = "<group>"; };
		22FDBF9D1EA5445600725166 /* post.swift */ = {isa = PBXFileReference; fileEncoding = 4; lastKnownFileType = sourcecode.swift; path = post.swift; sourceTree = "<group>"; };
		22FDBF9E1EA5445600725166 /* user.swift */ = {isa = PBXFileReference; fileEncoding = 4; lastKnownFileType = sourcecode.swift; path = user.swift; sourceTree = "<group>"; };
		555029841EA7F54B00534772 /* TESTUSERPASSViewController.swift */ = {isa = PBXFileReference; fileEncoding = 4; lastKnownFileType = sourcecode.swift; path = TESTUSERPASSViewController.swift; sourceTree = "<group>"; };
		55A966071EA5A9B200B5D870 /* HomeCollectionViewCell.swift */ = {isa = PBXFileReference; fileEncoding = 4; lastKnownFileType = sourcecode.swift; path = HomeCollectionViewCell.swift; sourceTree = "<group>"; };
		55A966081EA5A9B200B5D870 /* HomeCollectionViewController.swift */ = {isa = PBXFileReference; fileEncoding = 4; lastKnownFileType = sourcecode.swift; path = HomeCollectionViewController.swift; sourceTree = "<group>"; };
		55A966091EA5A9B200B5D870 /* HomeHeaderCollectionReusableView.swift */ = {isa = PBXFileReference; fileEncoding = 4; lastKnownFileType = sourcecode.swift; path = HomeHeaderCollectionReusableView.swift; sourceTree = "<group>"; };
		55C8DE1C1E4BFCDB00AB98DD /* NoFilter.app */ = {isa = PBXFileReference; explicitFileType = wrapper.application; includeInIndex = 0; path = NoFilter.app; sourceTree = BUILT_PRODUCTS_DIR; };
		55C8DE1F1E4BFCDB00AB98DD /* AppDelegate.swift */ = {isa = PBXFileReference; lastKnownFileType = sourcecode.swift; path = AppDelegate.swift; sourceTree = "<group>"; };
		55C8DE211E4BFCDC00AB98DD /* ViewController.swift */ = {isa = PBXFileReference; lastKnownFileType = sourcecode.swift; path = ViewController.swift; sourceTree = "<group>"; };
		55C8DE241E4BFCDC00AB98DD /* Base */ = {isa = PBXFileReference; lastKnownFileType = file.storyboard; name = Base; path = Base.lproj/Main.storyboard; sourceTree = "<group>"; };
		55C8DE261E4BFCDC00AB98DD /* Assets.xcassets */ = {isa = PBXFileReference; lastKnownFileType = folder.assetcatalog; path = Assets.xcassets; sourceTree = "<group>"; };
		55C8DE291E4BFCDD00AB98DD /* Base */ = {isa = PBXFileReference; lastKnownFileType = file.storyboard; name = Base; path = Base.lproj/LaunchScreen.storyboard; sourceTree = "<group>"; };
		55C8DE2B1E4BFCDD00AB98DD /* Info.plist */ = {isa = PBXFileReference; lastKnownFileType = text.plist.xml; path = Info.plist; sourceTree = "<group>"; };
		6B87C90C1898914F0DD11AD0 /* Pods-NoFilter.release.xcconfig */ = {isa = PBXFileReference; includeInIndex = 1; lastKnownFileType = text.xcconfig; name = "Pods-NoFilter.release.xcconfig"; path = "Pods/Target Support Files/Pods-NoFilter/Pods-NoFilter.release.xcconfig"; sourceTree = "<group>"; };
		7874A03546F128FF4319FD2E /* Pods_NoFilter.framework */ = {isa = PBXFileReference; explicitFileType = wrapper.framework; includeInIndex = 0; path = Pods_NoFilter.framework; sourceTree = BUILT_PRODUCTS_DIR; };
		A0C815011E8C9076001C99E8 /* ImagesTableViewCell.swift */ = {isa = PBXFileReference; fileEncoding = 4; lastKnownFileType = sourcecode.swift; path = ImagesTableViewCell.swift; sourceTree = "<group>"; };
		A0C815021E8C9076001C99E8 /* ImagesTableViewController.swift */ = {isa = PBXFileReference; fileEncoding = 4; lastKnownFileType = sourcecode.swift; path = ImagesTableViewController.swift; sourceTree = "<group>"; };
		FD34A8911E9F14F600C07093 /* ProfileViewController.swift */ = {isa = PBXFileReference; fileEncoding = 4; lastKnownFileType = sourcecode.swift; path = ProfileViewController.swift; sourceTree = "<group>"; };
		FD40B45F1E4BFFF400AFD61C /* GoogleService-Info.plist */ = {isa = PBXFileReference; fileEncoding = 4; lastKnownFileType = text.plist.xml; path = "GoogleService-Info.plist"; sourceTree = "<group>"; };
		FD6B350C1E55380200475370 /* RegisterScreenView.swift */ = {isa = PBXFileReference; fileEncoding = 4; lastKnownFileType = sourcecode.swift; path = RegisterScreenView.swift; sourceTree = "<group>"; };
		FDA677431E7A01CE005D04FC /* CameraViewController.swift */ = {isa = PBXFileReference; fileEncoding = 4; lastKnownFileType = sourcecode.swift; path = CameraViewController.swift; sourceTree = "<group>"; };
/* End PBXFileReference section */

/* Begin PBXFrameworksBuildPhase section */
		55C8DE191E4BFCDB00AB98DD /* Frameworks */ = {
			isa = PBXFrameworksBuildPhase;
			buildActionMask = 2147483647;
			files = (
				CD2F066A4DB9C2E030746996 /* Pods_NoFilter.framework in Frameworks */,
			);
			runOnlyForDeploymentPostprocessing = 0;
		};
/* End PBXFrameworksBuildPhase section */

/* Begin PBXGroup section */
		52A4BA073D1608D336765F7F /* Pods */ = {
			isa = PBXGroup;
			children = (
				06D14213E192D9483A654FC7 /* Pods-NoFilter.debug.xcconfig */,
				6B87C90C1898914F0DD11AD0 /* Pods-NoFilter.release.xcconfig */,
			);
			name = Pods;
			sourceTree = "<group>";
		};
		55C8DE131E4BFCDB00AB98DD = {
			isa = PBXGroup;
			children = (
				1053F7781E80B9A40093BD1A /* DKCamera.framework */,
				55C8DE1E1E4BFCDB00AB98DD /* NoFilter */,
				55C8DE1D1E4BFCDB00AB98DD /* Products */,
				52A4BA073D1608D336765F7F /* Pods */,
				E1E6E44B5993AA7D835052A9 /* Frameworks */,
			);
			sourceTree = "<group>";
		};
		55C8DE1D1E4BFCDB00AB98DD /* Products */ = {
			isa = PBXGroup;
			children = (
				55C8DE1C1E4BFCDB00AB98DD /* NoFilter.app */,
			);
			name = Products;
			sourceTree = "<group>";
		};
		55C8DE1E1E4BFCDB00AB98DD /* NoFilter */ = {
			isa = PBXGroup;
			children = (
				101160E41EA16C2700E1058F /* NoFilter.entitlements */,
				107DBF121E9AE24E00203582 /* audio.mp3 */,
				A0C815011E8C9076001C99E8 /* ImagesTableViewCell.swift */,
				A0C815021E8C9076001C99E8 /* ImagesTableViewController.swift */,
				55C8DE1F1E4BFCDB00AB98DD /* AppDelegate.swift */,
				55C8DE211E4BFCDC00AB98DD /* ViewController.swift */,
				55C8DE231E4BFCDC00AB98DD /* Main.storyboard */,
				1832BE4A1E6A36920012C882 /* FirstViewController.swift */,
				1832BE4B1E6A36920012C882 /* SecondViewController.swift */,
				1832BE4C1E6A36920012C882 /* TableViewCell.swift */,
				FD40B45F1E4BFFF400AFD61C /* GoogleService-Info.plist */,
				55C8DE261E4BFCDC00AB98DD /* Assets.xcassets */,
				55C8DE281E4BFCDD00AB98DD /* LaunchScreen.storyboard */,
				55C8DE2B1E4BFCDD00AB98DD /* Info.plist */,
				FD6B350C1E55380200475370 /* RegisterScreenView.swift */,
				FDA677431E7A01CE005D04FC /* CameraViewController.swift */,
				102C54B71E9595500070AD85 /* FriendsViewController.swift */,
				102C54B81E9595500070AD85 /* ImageTableViewCell.swift */,
				104FA9671E819B7500E2AB13 /* DataViewController.swift */,
				10D52CCF1E8821AC009269FE /* TextCommentsController.swift */,
				10D52CD31E8841E8009269FE /* TxtCommentCellTableViewCell.swift */,
				55A966071EA5A9B200B5D870 /* HomeCollectionViewCell.swift */,
				55A966081EA5A9B200B5D870 /* HomeCollectionViewController.swift */,
				55A966091EA5A9B200B5D870 /* HomeHeaderCollectionReusableView.swift */,
				10D52CD41E8841E8009269FE /* TxtCommentCellTableViewCell.xib */,
				10D52CD71E884206009269FE /* AudioCommentCell.swift */,
				10D52CD81E884206009269FE /* AudioCommentCell.xib */,
				22FDBF9D1EA5445600725166 /* post.swift */,
				22FDBF9E1EA5445600725166 /* user.swift */,
				10D52CDB1E897AB9009269FE /* TxtComntHandler.swift */,
				10D52CDD1E8AD97C009269FE /* TempViewController.swift */,
				10D52CDF1E8B4EA2009269FE /* LoginViewController.swift */,
				10D52CE11E8B8047009269FE /* CommentsViewController.swift */,
				10B889FC1E91696D0054CA29 /* AudioRecorder.swift */,
				10D52CE31E8B832E009269FE /* CommentsViewCell.swift */,
				102C54B51E9425310070AD85 /* FloatingBtnViewController.swift */,
				FD34A8911E9F14F600C07093 /* ProfileViewController.swift */,
				101160E11EA1614200E1058F /* NoFiler-Bridging-Header.h */,
				101160E21EA169E300E1058F /* SettingsController.swift */,
				555029841EA7F54B00534772 /* TESTUSERPASSViewController.swift */,
			);
			path = NoFilter;
			sourceTree = "<group>";
		};
		E1E6E44B5993AA7D835052A9 /* Frameworks */ = {
			isa = PBXGroup;
			children = (
				7874A03546F128FF4319FD2E /* Pods_NoFilter.framework */,
			);
			name = Frameworks;
			sourceTree = "<group>";
		};
/* End PBXGroup section */

/* Begin PBXNativeTarget section */
		55C8DE1B1E4BFCDB00AB98DD /* NoFilter */ = {
			isa = PBXNativeTarget;
			buildConfigurationList = 55C8DE2E1E4BFCDD00AB98DD /* Build configuration list for PBXNativeTarget "NoFilter" */;
			buildPhases = (
				4CA7EF5C973DE40156110493 /* [CP] Check Pods Manifest.lock */,
				55C8DE181E4BFCDB00AB98DD /* Sources */,
				55C8DE191E4BFCDB00AB98DD /* Frameworks */,
				55C8DE1A1E4BFCDB00AB98DD /* Resources */,
				879A8006A675A18F449A3C02 /* [CP] Embed Pods Frameworks */,
				F9EB50A4920B57FC27B6C806 /* [CP] Copy Pods Resources */,
			);
			buildRules = (
			);
			dependencies = (
			);
			name = NoFilter;
			productName = NoFilter;
			productReference = 55C8DE1C1E4BFCDB00AB98DD /* NoFilter.app */;
			productType = "com.apple.product-type.application";
		};
/* End PBXNativeTarget section */

/* Begin PBXProject section */
		55C8DE141E4BFCDB00AB98DD /* Project object */ = {
			isa = PBXProject;
			attributes = {
				LastSwiftUpdateCheck = 0810;
				LastUpgradeCheck = 0810;
				ORGANIZATIONNAME = mapd.centennial.proapptive;
				TargetAttributes = {
					55C8DE1B1E4BFCDB00AB98DD = {
						CreatedOnToolsVersion = 8.1;
						DevelopmentTeam = QQDL49Z2BR;
						ProvisioningStyle = Automatic;
						SystemCapabilities = {
							com.apple.Keychain = {
								enabled = 1;
							};
						};
					};
				};
			};
			buildConfigurationList = 55C8DE171E4BFCDB00AB98DD /* Build configuration list for PBXProject "NoFilter" */;
			compatibilityVersion = "Xcode 3.2";
			developmentRegion = English;
			hasScannedForEncodings = 0;
			knownRegions = (
				en,
				Base,
			);
			mainGroup = 55C8DE131E4BFCDB00AB98DD;
			productRefGroup = 55C8DE1D1E4BFCDB00AB98DD /* Products */;
			projectDirPath = "";
			projectRoot = "";
			targets = (
				55C8DE1B1E4BFCDB00AB98DD /* NoFilter */,
			);
		};
/* End PBXProject section */

/* Begin PBXResourcesBuildPhase section */
		55C8DE1A1E4BFCDB00AB98DD /* Resources */ = {
			isa = PBXResourcesBuildPhase;
			buildActionMask = 2147483647;
			files = (
				55C8DE2A1E4BFCDD00AB98DD /* LaunchScreen.storyboard in Resources */,
				FD40B4601E4BFFF400AFD61C /* GoogleService-Info.plist in Resources */,
				55C8DE271E4BFCDC00AB98DD /* Assets.xcassets in Resources */,
				55C8DE251E4BFCDC00AB98DD /* Main.storyboard in Resources */,
				10D52CDA1E884206009269FE /* AudioCommentCell.xib in Resources */,
				10D52CD61E8841E8009269FE /* TxtCommentCellTableViewCell.xib in Resources */,
			);
			runOnlyForDeploymentPostprocessing = 0;
		};
/* End PBXResourcesBuildPhase section */

/* Begin PBXShellScriptBuildPhase section */
		4CA7EF5C973DE40156110493 /* [CP] Check Pods Manifest.lock */ = {
			isa = PBXShellScriptBuildPhase;
			buildActionMask = 2147483647;
			files = (
			);
			inputPaths = (
			);
			name = "[CP] Check Pods Manifest.lock";
			outputPaths = (
			);
			runOnlyForDeploymentPostprocessing = 0;
			shellPath = /bin/sh;
			shellScript = "diff \"${PODS_ROOT}/../Podfile.lock\" \"${PODS_ROOT}/Manifest.lock\" > /dev/null\nif [ $? != 0 ] ; then\n    # print error to STDERR\n    echo \"error: The sandbox is not in sync with the Podfile.lock. Run 'pod install' or update your CocoaPods installation.\" >&2\n    exit 1\nfi\n";
			showEnvVarsInLog = 0;
		};
		879A8006A675A18F449A3C02 /* [CP] Embed Pods Frameworks */ = {
			isa = PBXShellScriptBuildPhase;
			buildActionMask = 2147483647;
			files = (
			);
			inputPaths = (
			);
			name = "[CP] Embed Pods Frameworks";
			outputPaths = (
			);
			runOnlyForDeploymentPostprocessing = 0;
			shellPath = /bin/sh;
			shellScript = "\"${SRCROOT}/Pods/Target Support Files/Pods-NoFilter/Pods-NoFilter-frameworks.sh\"\n";
			showEnvVarsInLog = 0;
		};
		F9EB50A4920B57FC27B6C806 /* [CP] Copy Pods Resources */ = {
			isa = PBXShellScriptBuildPhase;
			buildActionMask = 2147483647;
			files = (
			);
			inputPaths = (
			);
			name = "[CP] Copy Pods Resources";
			outputPaths = (
			);
			runOnlyForDeploymentPostprocessing = 0;
			shellPath = /bin/sh;
			shellScript = "\"${SRCROOT}/Pods/Target Support Files/Pods-NoFilter/Pods-NoFilter-resources.sh\"\n";
			showEnvVarsInLog = 0;
		};
/* End PBXShellScriptBuildPhase section */

/* Begin PBXSourcesBuildPhase section */
		55C8DE181E4BFCDB00AB98DD /* Sources */ = {
			isa = PBXSourcesBuildPhase;
			buildActionMask = 2147483647;
			files = (
				10D52CD01E8821AC009269FE /* TextCommentsController.swift in Sources */,
				10D52CDC1E897AB9009269FE /* TxtComntHandler.swift in Sources */,
				55C8DE221E4BFCDC00AB98DD /* ViewController.swift in Sources */,
				22FDBF9F1EA5445600725166 /* post.swift in Sources */,
				10D52CE21E8B8047009269FE /* CommentsViewController.swift in Sources */,
				55A9660A1EA5A9B200B5D870 /* HomeCollectionViewCell.swift in Sources */,
				10D52CD91E884206009269FE /* AudioCommentCell.swift in Sources */,
				A0C815031E8C9076001C99E8 /* ImagesTableViewCell.swift in Sources */,
				10D52CD51E8841E8009269FE /* TxtCommentCellTableViewCell.swift in Sources */,
				55A9660B1EA5A9B200B5D870 /* HomeCollectionViewController.swift in Sources */,
				55C8DE201E4BFCDB00AB98DD /* AppDelegate.swift in Sources */,
				104FA9681E819B7500E2AB13 /* DataViewController.swift in Sources */,
				102C54BA1E9595500070AD85 /* ImageTableViewCell.swift in Sources */,
				102C54B61E9425310070AD85 /* FloatingBtnViewController.swift in Sources */,
				FD6B350D1E55380200475370 /* RegisterScreenView.swift in Sources */,
				10D52CDE1E8AD97C009269FE /* TempViewController.swift in Sources */,
				A0C815041E8C9076001C99E8 /* ImagesTableViewController.swift in Sources */,
				55A9660C1EA5A9B200B5D870 /* HomeHeaderCollectionReusableView.swift in Sources */,
				101160E31EA169E300E1058F /* SettingsController.swift in Sources */,
				1832BE4F1E6A36920012C882 /* TableViewCell.swift in Sources */,
				102C54B91E9595500070AD85 /* FriendsViewController.swift in Sources */,
				10D52CE41E8B832E009269FE /* CommentsViewCell.swift in Sources */,
				10B889FD1E91696D0054CA29 /* AudioRecorder.swift in Sources */,
				555029851EA7F54B00534772 /* TESTUSERPASSViewController.swift in Sources */,
				FDA677441E7A01CE005D04FC /* CameraViewController.swift in Sources */,
				10D52CE01E8B4EA2009269FE /* LoginViewController.swift in Sources */,
				FD34A8921E9F14F600C07093 /* ProfileViewController.swift in Sources */,
				1832BE4E1E6A36920012C882 /* SecondViewController.swift in Sources */,
				1832BE4D1E6A36920012C882 /* FirstViewController.swift in Sources */,
			);
			runOnlyForDeploymentPostprocessing = 0;
		};
/* End PBXSourcesBuildPhase section */

/* Begin PBXVariantGroup section */
		55C8DE231E4BFCDC00AB98DD /* Main.storyboard */ = {
			isa = PBXVariantGroup;
			children = (
				55C8DE241E4BFCDC00AB98DD /* Base */,
			);
			name = Main.storyboard;
			sourceTree = "<group>";
		};
		55C8DE281E4BFCDD00AB98DD /* LaunchScreen.storyboard */ = {
			isa = PBXVariantGroup;
			children = (
				55C8DE291E4BFCDD00AB98DD /* Base */,
			);
			name = LaunchScreen.storyboard;
			sourceTree = "<group>";
		};
/* End PBXVariantGroup section */

/* Begin XCBuildConfiguration section */
		55C8DE2C1E4BFCDD00AB98DD /* Debug */ = {
			isa = XCBuildConfiguration;
			buildSettings = {
				ALWAYS_SEARCH_USER_PATHS = NO;
				CLANG_ANALYZER_NONNULL = YES;
				CLANG_CXX_LANGUAGE_STANDARD = "gnu++0x";
				CLANG_CXX_LIBRARY = "libc++";
				CLANG_ENABLE_MODULES = YES;
				CLANG_ENABLE_OBJC_ARC = YES;
				CLANG_WARN_BOOL_CONVERSION = YES;
				CLANG_WARN_CONSTANT_CONVERSION = YES;
				CLANG_WARN_DIRECT_OBJC_ISA_USAGE = YES_ERROR;
				CLANG_WARN_DOCUMENTATION_COMMENTS = YES;
				CLANG_WARN_EMPTY_BODY = YES;
				CLANG_WARN_ENUM_CONVERSION = YES;
				CLANG_WARN_INFINITE_RECURSION = YES;
				CLANG_WARN_INT_CONVERSION = YES;
				CLANG_WARN_OBJC_ROOT_CLASS = YES_ERROR;
				CLANG_WARN_SUSPICIOUS_MOVES = YES;
				CLANG_WARN_UNREACHABLE_CODE = YES;
				CLANG_WARN__DUPLICATE_METHOD_MATCH = YES;
				"CODE_SIGN_IDENTITY[sdk=iphoneos*]" = "iPhone Developer";
				COPY_PHASE_STRIP = NO;
				DEBUG_INFORMATION_FORMAT = dwarf;
				ENABLE_STRICT_OBJC_MSGSEND = YES;
				ENABLE_TESTABILITY = YES;
				GCC_C_LANGUAGE_STANDARD = gnu99;
				GCC_DYNAMIC_NO_PIC = NO;
				GCC_NO_COMMON_BLOCKS = YES;
				GCC_OPTIMIZATION_LEVEL = 0;
				GCC_PREPROCESSOR_DEFINITIONS = (
					"DEBUG=1",
					"$(inherited)",
				);
				GCC_WARN_64_TO_32_BIT_CONVERSION = YES;
				GCC_WARN_ABOUT_RETURN_TYPE = YES_ERROR;
				GCC_WARN_UNDECLARED_SELECTOR = YES;
				GCC_WARN_UNINITIALIZED_AUTOS = YES_AGGRESSIVE;
				GCC_WARN_UNUSED_FUNCTION = YES;
				GCC_WARN_UNUSED_VARIABLE = YES;
				IPHONEOS_DEPLOYMENT_TARGET = 10.1;
				MTL_ENABLE_DEBUG_INFO = YES;
				ONLY_ACTIVE_ARCH = YES;
				SDKROOT = iphoneos;
				SWIFT_ACTIVE_COMPILATION_CONDITIONS = DEBUG;
				SWIFT_OPTIMIZATION_LEVEL = "-Onone";
				TARGETED_DEVICE_FAMILY = "1,2";
			};
			name = Debug;
		};
		55C8DE2D1E4BFCDD00AB98DD /* Release */ = {
			isa = XCBuildConfiguration;
			buildSettings = {
				ALWAYS_SEARCH_USER_PATHS = NO;
				CLANG_ANALYZER_NONNULL = YES;
				CLANG_CXX_LANGUAGE_STANDARD = "gnu++0x";
				CLANG_CXX_LIBRARY = "libc++";
				CLANG_ENABLE_MODULES = YES;
				CLANG_ENABLE_OBJC_ARC = YES;
				CLANG_WARN_BOOL_CONVERSION = YES;
				CLANG_WARN_CONSTANT_CONVERSION = YES;
				CLANG_WARN_DIRECT_OBJC_ISA_USAGE = YES_ERROR;
				CLANG_WARN_DOCUMENTATION_COMMENTS = YES;
				CLANG_WARN_EMPTY_BODY = YES;
				CLANG_WARN_ENUM_CONVERSION = YES;
				CLANG_WARN_INFINITE_RECURSION = YES;
				CLANG_WARN_INT_CONVERSION = YES;
				CLANG_WARN_OBJC_ROOT_CLASS = YES_ERROR;
				CLANG_WARN_SUSPICIOUS_MOVES = YES;
				CLANG_WARN_UNREACHABLE_CODE = YES;
				CLANG_WARN__DUPLICATE_METHOD_MATCH = YES;
				"CODE_SIGN_IDENTITY[sdk=iphoneos*]" = "iPhone Developer";
				COPY_PHASE_STRIP = NO;
				DEBUG_INFORMATION_FORMAT = "dwarf-with-dsym";
				ENABLE_NS_ASSERTIONS = NO;
				ENABLE_STRICT_OBJC_MSGSEND = YES;
				GCC_C_LANGUAGE_STANDARD = gnu99;
				GCC_NO_COMMON_BLOCKS = YES;
				GCC_WARN_64_TO_32_BIT_CONVERSION = YES;
				GCC_WARN_ABOUT_RETURN_TYPE = YES_ERROR;
				GCC_WARN_UNDECLARED_SELECTOR = YES;
				GCC_WARN_UNINITIALIZED_AUTOS = YES_AGGRESSIVE;
				GCC_WARN_UNUSED_FUNCTION = YES;
				GCC_WARN_UNUSED_VARIABLE = YES;
				IPHONEOS_DEPLOYMENT_TARGET = 10.1;
				MTL_ENABLE_DEBUG_INFO = NO;
				SDKROOT = iphoneos;
				SWIFT_OPTIMIZATION_LEVEL = "-Owholemodule";
				TARGETED_DEVICE_FAMILY = "1,2";
				VALIDATE_PRODUCT = YES;
			};
			name = Release;
		};
		55C8DE2F1E4BFCDD00AB98DD /* Debug */ = {
			isa = XCBuildConfiguration;
			baseConfigurationReference = 06D14213E192D9483A654FC7 /* Pods-NoFilter.debug.xcconfig */;
			buildSettings = {
				ASSETCATALOG_COMPILER_APPICON_NAME = AppIcon;
				CODE_SIGN_ENTITLEMENTS = NoFilter/NoFilter.entitlements;
				DEVELOPMENT_TEAM = QQDL49Z2BR;
				INFOPLIST_FILE = NoFilter/Info.plist;
				IPHONEOS_DEPLOYMENT_TARGET = 10.1;
				LD_RUNPATH_SEARCH_PATHS = "$(inherited) @executable_path/Frameworks";
				PRODUCT_BUNDLE_IDENTIFIER = mapd.centennial.proapptive.NoFilter;
				PRODUCT_NAME = "$(TARGET_NAME)";
				SWIFT_VERSION = 3.0;
				TARGETED_DEVICE_FAMILY = 1;
			};
			name = Debug;
		};
		55C8DE301E4BFCDD00AB98DD /* Release */ = {
			isa = XCBuildConfiguration;
			baseConfigurationReference = 6B87C90C1898914F0DD11AD0 /* Pods-NoFilter.release.xcconfig */;
			buildSettings = {
				ASSETCATALOG_COMPILER_APPICON_NAME = AppIcon;
				CODE_SIGN_ENTITLEMENTS = NoFilter/NoFilter.entitlements;
				DEVELOPMENT_TEAM = QQDL49Z2BR;
				INFOPLIST_FILE = NoFilter/Info.plist;
				IPHONEOS_DEPLOYMENT_TARGET = 10.1;
				LD_RUNPATH_SEARCH_PATHS = "$(inherited) @executable_path/Frameworks";
				PRODUCT_BUNDLE_IDENTIFIER = mapd.centennial.proapptive.NoFilter;
				PRODUCT_NAME = "$(TARGET_NAME)";
				SWIFT_VERSION = 3.0;
				TARGETED_DEVICE_FAMILY = 1;
			};
			name = Release;
		};
/* End XCBuildConfiguration section */

/* Begin XCConfigurationList section */
		55C8DE171E4BFCDB00AB98DD /* Build configuration list for PBXProject "NoFilter" */ = {
			isa = XCConfigurationList;
			buildConfigurations = (
				55C8DE2C1E4BFCDD00AB98DD /* Debug */,
				55C8DE2D1E4BFCDD00AB98DD /* Release */,
			);
			defaultConfigurationIsVisible = 0;
			defaultConfigurationName = Release;
		};
		55C8DE2E1E4BFCDD00AB98DD /* Build configuration list for PBXNativeTarget "NoFilter" */ = {
			isa = XCConfigurationList;
			buildConfigurations = (
				55C8DE2F1E4BFCDD00AB98DD /* Debug */,
				55C8DE301E4BFCDD00AB98DD /* Release */,
			);
			defaultConfigurationIsVisible = 0;
			defaultConfigurationName = Release;
		};
/* End XCConfigurationList section */
	};
	rootObject = 55C8DE141E4BFCDB00AB98DD /* Project object */;
}
